
Microsoft Visual Studio Solution File, Format Version 12.00
# Visual Studio Version 17
VisualStudioVersion = 17.13.35806.99 d17.13
MinimumVisualStudioVersion = 10.0.40219.1
Project("{FAE04EC0-301F-11D3-BF4B-00C04F79EFBC}") = "Variables and Scopes", "Variables and Scopes\Variables and Scopes.csproj", "{869800F6-C281-4965-9FBC-817094F0B979}"
EndProject
Global
	GlobalSection(SolutionConfigurationPlatforms) = preSolution
		Debug|Any CPU = Debug|Any CPU
		Release|Any CPU = Release|Any CPU
	EndGlobalSection
	GlobalSection(ProjectConfigurationPlatforms) = postSolution
		{869800F6-C281-4965-9FBC-817094F0B979}.Debug|Any CPU.ActiveCfg = Debug|Any CPU
		{869800F6-C281-4965-9FBC-817094F0B979}.Debug|Any CPU.Build.0 = Debug|Any CPU
		{869800F6-C281-4965-9FBC-817094F0B979}.Release|Any CPU.ActiveCfg = Release|Any CPU
		{869800F6-C281-4965-9FBC-817094F0B979}.Release|Any CPU.Build.0 = Release|Any CPU
	EndGlobalSection
	GlobalSection(SolutionProperties) = preSolution
		HideSolutionNode = FALSE
	EndGlobalSection
	GlobalSection(ExtensibilityGlobals) = postSolution
		SolutionGuid = {2A749149-7702-4E55-9B2C-FC1C5804485D}
	EndGlobalSection
EndGlobal
